
Microsoft Visual Studio Solution File, Format Version 11.00
# Visual Studio 2010
Project("{FAE04EC0-301F-11D3-BF4B-00C04F79EFBC}") = "ImageGet", "ImageGet\ImageGet.csproj", "{75FA65DD-41D5-4AD9-ACC4-0402F7E6EBE7}"
EndProject
Global
	GlobalSection(SolutionConfigurationPlatforms) = preSolution
		Debug|x86 = Debug|x86
		Release|x86 = Release|x86
	EndGlobalSection
	GlobalSection(ProjectConfigurationPlatforms) = postSolution
		{75FA65DD-41D5-4AD9-ACC4-0402F7E6EBE7}.Debug|x86.ActiveCfg = Debug|x86
		{75FA65DD-41D5-4AD9-ACC4-0402F7E6EBE7}.Debug|x86.Build.0 = Debug|x86
		{75FA65DD-41D5-4AD9-ACC4-0402F7E6EBE7}.Release|x86.ActiveCfg = Release|x86
		{75FA65DD-41D5-4AD9-ACC4-0402F7E6EBE7}.Release|x86.Build.0 = Release|x86
	EndGlobalSection
	GlobalSection(SolutionProperties) = preSolution
		HideSolutionNode = FALSE
	EndGlobalSection
EndGlobal
